
Microsoft Visual Studio Solution File, Format Version 12.00
# Visual Studio Version 16
VisualStudioVersion = 16.0.33027.164
MinimumVisualStudioVersion = 10.0.40219.1
Project("{FAE04EC0-301F-11D3-BF4B-00C04F79EFBC}") = "TimeTable", "TimeTable\TimeTable.csproj", "{BD632321-D0CA-46EE-A7B2-AB0316769A3F}"
EndProject
Global
	GlobalSection(SolutionConfigurationPlatforms) = preSolution
		Debug|Any CPU = Debug|Any CPU
		Release|Any CPU = Release|Any CPU
	EndGlobalSection
	GlobalSection(ProjectConfigurationPlatforms) = postSolution
		{BD632321-D0CA-46EE-A7B2-AB0316769A3F}.Debug|Any CPU.ActiveCfg = Debug|Any CPU
		{BD632321-D0CA-46EE-A7B2-AB0316769A3F}.Debug|Any CPU.Build.0 = Debug|Any CPU
		{BD632321-D0CA-46EE-A7B2-AB0316769A3F}.Release|Any CPU.ActiveCfg = Release|Any CPU
		{BD632321-D0CA-46EE-A7B2-AB0316769A3F}.Release|Any CPU.Build.0 = Release|Any CPU
	EndGlobalSection
	GlobalSection(SolutionProperties) = preSolution
		HideSolutionNode = FALSE
	EndGlobalSection
	GlobalSection(ExtensibilityGlobals) = postSolution
		SolutionGuid = {CD6B8A3C-528D-4061-A88E-6809CD60FB2E}
	EndGlobalSection
EndGlobal
